// !$*UTF8*$!
{
	archiveVersion = 1;
	classes = {
	};
	objectVersion = 46;
	objects = {

/* Begin PBXBuildFile section */
		39788A751EDE5A3900A99C0B /* main.m in Sources */ = {isa = PBXBuildFile; fileRef = 39788A741EDE5A3900A99C0B /* main.m */; };
		39788A781EDE5A3900A99C0B /* AppDelegate.m in Sources */ = {isa = PBXBuildFile; fileRef = 39788A771EDE5A3900A99C0B /* AppDelegate.m */; };
		39788A7B1EDE5A3900A99C0B /* ViewController.mm in Sources */ = {isa = PBXBuildFile; fileRef = 39788A7A1EDE5A3900A99C0B /* ViewController.mm */; };
		39788A7E1EDE5A3900A99C0B /* Main.storyboard in Resources */ = {isa = PBXBuildFile; fileRef = 39788A7C1EDE5A3900A99C0B /* Main.storyboard */; };
		39788A801EDE5A3900A99C0B /* Assets.xcassets in Resources */ = {isa = PBXBuildFile; fileRef = 39788A7F1EDE5A3900A99C0B /* Assets.xcassets */; };
		39788A831EDE5A3900A99C0B /* LaunchScreen.storyboard in Resources */ = {isa = PBXBuildFile; fileRef = 39788A811EDE5A3900A99C0B /* LaunchScreen.storyboard */; };
		39788A8E1EDE5A3900A99C0B /* HYOpencvDemoTests.m in Sources */ = {isa = PBXBuildFile; fileRef = 39788A8D1EDE5A3900A99C0B /* HYOpencvDemoTests.m */; };
		39788A991EDE5A3900A99C0B /* HYOpencvDemoUITests.m in Sources */ = {isa = PBXBuildFile; fileRef = 39788A981EDE5A3900A99C0B /* HYOpencvDemoUITests.m */; };
		39788AAD1EDE5B3C00A99C0B /* HYImageUtils.mm in Sources */ = {isa = PBXBuildFile; fileRef = 39788AAC1EDE5B3C00A99C0B /* HYImageUtils.mm */; };
		39788AB11EDE5B5100A99C0B /* test.jpg in Resources */ = {isa = PBXBuildFile; fileRef = 39788AAF1EDE5B5100A99C0B /* test.jpg */; };
		39788AB21EDE5B5100A99C0B /* test2.png in Resources */ = {isa = PBXBuildFile; fileRef = 39788AB01EDE5B5100A99C0B /* test2.png */; };
/* End PBXBuildFile section */

/* Begin PBXContainerItemProxy section */
		39788A8A1EDE5A3900A99C0B /* PBXContainerItemProxy */ = {
			isa = PBXContainerItemProxy;
			containerPortal = 39788A681EDE5A3900A99C0B /* Project object */;
			proxyType = 1;
			remoteGlobalIDString = 39788A6F1EDE5A3900A99C0B;
			remoteInfo = HYOpencvDemo;
		};
		39788A951EDE5A3900A99C0B /* PBXContainerItemProxy */ = {
			isa = PBXContainerItemProxy;
			containerPortal = 39788A681EDE5A3900A99C0B /* Project object */;
			proxyType = 1;
			remoteGlobalIDString = 39788A6F1EDE5A3900A99C0B;
			remoteInfo = HYOpencvDemo;
		};
/* End PBXContainerItemProxy section */

/* Begin PBXFileReference section */
		39788A701EDE5A3900A99C0B /* HYOpencvDemo.app */ = {isa = PBXFileReference; explicitFileType = wrapper.application; includeInIndex = 0; path = HYOpencvDemo.app; sourceTree = BUILT_PRODUCTS_DIR; };
		39788A741EDE5A3900A99C0B /* main.m */ = {isa = PBXFileReference; lastKnownFileType = sourcecode.c.objc; path = main.m; sourceTree = "<group>"; };
		39788A761EDE5A3900A99C0B /* AppDelegate.h */ = {isa = PBXFileReference; lastKnownFileType = sourcecode.c.h; path = AppDelegate.h; sourceTree = "<group>"; };
		39788A771EDE5A3900A99C0B /* AppDelegate.m */ = {isa = PBXFileReference; lastKnownFileType = sourcecode.c.objc; path = AppDelegate.m; sourceTree = "<group>"; };
		39788A791EDE5A3900A99C0B /* ViewController.h */ = {isa = PBXFileReference; lastKnownFileType = sourcecode.c.h; path = ViewController.h; sourceTree = "<group>"; };
		39788A7A1EDE5A3900A99C0B /* ViewController.mm */ = {isa = PBXFileReference; lastKnownFileType = sourcecode.cpp.objcpp; path = ViewController.mm; sourceTree = "<group>"; };
		39788A7D1EDE5A3900A99C0B /* Base */ = {isa = PBXFileReference; lastKnownFileType = file.storyboard; name = Base; path = Base.lproj/Main.storyboard; sourceTree = "<group>"; };
		39788A7F1EDE5A3900A99C0B /* Assets.xcassets */ = {isa = PBXFileReference; lastKnownFileType = folder.assetcatalog; path = Assets.xcassets; sourceTree = "<group>"; };
		39788A821EDE5A3900A99C0B /* Base */ = {isa = PBXFileReference; lastKnownFileType = file.storyboard; name = Base; path = Base.lproj/LaunchScreen.storyboard; sourceTree = "<group>"; };
		39788A841EDE5A3900A99C0B /* Info.plist */ = {isa = PBXFileReference; lastKnownFileType = text.plist.xml; path = Info.plist; sourceTree = "<group>"; };
		39788A891EDE5A3900A99C0B /* HYOpencvDemoTests.xctest */ = {isa = PBXFileReference; explicitFileType = wrapper.cfbundle; includeInIndex = 0; path = HYOpencvDemoTests.xctest; sourceTree = BUILT_PRODUCTS_DIR; };
		39788A8D1EDE5A3900A99C0B /* HYOpencvDemoTests.m */ = {isa = PBXFileReference; lastKnownFileType = sourcecode.c.objc; path = HYOpencvDemoTests.m; sourceTree = "<group>"; };
		39788A8F1EDE5A3900A99C0B /* Info.plist */ = {isa = PBXFileReference; lastKnownFileType = text.plist.xml; path = Info.plist; sourceTree = "<group>"; };
		39788A941EDE5A3900A99C0B /* HYOpencvDemoUITests.xctest */ = {isa = PBXFileReference; explicitFileType = wrapper.cfbundle; includeInIndex = 0; path = HYOpencvDemoUITests.xctest; sourceTree = BUILT_PRODUCTS_DIR; };
		39788A981EDE5A3900A99C0B /* HYOpencvDemoUITests.m */ = {isa = PBXFileReference; lastKnownFileType = sourcecode.c.objc; path = HYOpencvDemoUITests.m; sourceTree = "<group>"; };
		39788A9A1EDE5A3900A99C0B /* Info.plist */ = {isa = PBXFileReference; lastKnownFileType = text.plist.xml; path = Info.plist; sourceTree = "<group>"; };
		39788AAA1EDE5B3C00A99C0B /* HYColor.h */ = {isa = PBXFileReference; fileEncoding = 4; lastKnownFileType = sourcecode.c.h; path = HYColor.h; sourceTree = "<group>"; };
		39788AAB1EDE5B3C00A99C0B /* HYImageUtils.h */ = {isa = PBXFileReference; fileEncoding = 4; lastKnownFileType = sourcecode.c.h; path = HYImageUtils.h; sourceTree = "<group>"; };
		39788AAC1EDE5B3C00A99C0B /* HYImageUtils.mm */ = {isa = PBXFileReference; fileEncoding = 4; lastKnownFileType = sourcecode.cpp.objcpp; path = HYImageUtils.mm; sourceTree = "<group>"; };
		39788AAF1EDE5B5100A99C0B /* test.jpg */ = {isa = PBXFileReference; lastKnownFileType = image.jpeg; path = test.jpg; sourceTree = "<group>"; };
		39788AB01EDE5B5100A99C0B /* test2.png */ = {isa = PBXFileReference; lastKnownFileType = image.png; path = test2.png; sourceTree = "<group>"; };
		39788AB31EDE5B5F00A99C0B /* PrefixHeader.pch */ = {isa = PBXFileReference; fileEncoding = 4; lastKnownFileType = sourcecode.c.h; path = PrefixHeader.pch; sourceTree = "<group>"; };
/* End PBXFileReference section */

/* Begin PBXFrameworksBuildPhase section */
		39788A6D1EDE5A3900A99C0B /* Frameworks */ = {
			isa = PBXFrameworksBuildPhase;
			buildActionMask = 2147483647;
			files = (
			);
			runOnlyForDeploymentPostprocessing = 0;
		};
		39788A861EDE5A3900A99C0B /* Frameworks */ = {
			isa = PBXFrameworksBuildPhase;
			buildActionMask = 2147483647;
			files = (
			);
			runOnlyForDeploymentPostprocessing = 0;
		};
		39788A911EDE5A3900A99C0B /* Frameworks */ = {
			isa = PBXFrameworksBuildPhase;
			buildActionMask = 2147483647;
			files = (
			);
			runOnlyForDeploymentPostprocessing = 0;
		};
/* End PBXFrameworksBuildPhase section */

/* Begin PBXGroup section */
		39788A671EDE5A3900A99C0B = {
			isa = PBXGroup;
			children = (
				39788A721EDE5A3900A99C0B /* HYOpencvDemo */,
				39788A8C1EDE5A3900A99C0B /* HYOpencvDemoTests */,
				39788A971EDE5A3900A99C0B /* HYOpencvDemoUITests */,
				39788A711EDE5A3900A99C0B /* Products */,
			);
			sourceTree = "<group>";
		};
		39788A711EDE5A3900A99C0B /* Products */ = {
			isa = PBXGroup;
			children = (
				39788A701EDE5A3900A99C0B /* HYOpencvDemo.app */,
				39788A891EDE5A3900A99C0B /* HYOpencvDemoTests.xctest */,
				39788A941EDE5A3900A99C0B /* HYOpencvDemoUITests.xctest */,
			);
			name = Products;
			sourceTree = "<group>";
		};
		39788A721EDE5A3900A99C0B /* HYOpencvDemo */ = {
			isa = PBXGroup;
			children = (
				39788AAE1EDE5B4700A99C0B /* images */,
				39788AA91EDE5B3C00A99C0B /* Utils */,
				39788A761EDE5A3900A99C0B /* AppDelegate.h */,
				39788A771EDE5A3900A99C0B /* AppDelegate.m */,
				39788A791EDE5A3900A99C0B /* ViewController.h */,
				39788A7A1EDE5A3900A99C0B /* ViewController.mm */,
				39788A7C1EDE5A3900A99C0B /* Main.storyboard */,
				39788A7F1EDE5A3900A99C0B /* Assets.xcassets */,
				39788A811EDE5A3900A99C0B /* LaunchScreen.storyboard */,
				39788A841EDE5A3900A99C0B /* Info.plist */,
				39788A731EDE5A3900A99C0B /* Supporting Files */,
			);
			path = HYOpencvDemo;
			sourceTree = "<group>";
		};
		39788A731EDE5A3900A99C0B /* Supporting Files */ = {
			isa = PBXGroup;
			children = (
				39788AB31EDE5B5F00A99C0B /* PrefixHeader.pch */,
				39788A741EDE5A3900A99C0B /* main.m */,
			);
			name = "Supporting Files";
			sourceTree = "<group>";
		};
		39788A8C1EDE5A3900A99C0B /* HYOpencvDemoTests */ = {
			isa = PBXGroup;
			children = (
				39788A8D1EDE5A3900A99C0B /* HYOpencvDemoTests.m */,
				39788A8F1EDE5A3900A99C0B /* Info.plist */,
			);
			path = HYOpencvDemoTests;
			sourceTree = "<group>";
		};
		39788A971EDE5A3900A99C0B /* HYOpencvDemoUITests */ = {
			isa = PBXGroup;
			children = (
				39788A981EDE5A3900A99C0B /* HYOpencvDemoUITests.m */,
				39788A9A1EDE5A3900A99C0B /* Info.plist */,
			);
			path = HYOpencvDemoUITests;
			sourceTree = "<group>";
		};
		39788AA91EDE5B3C00A99C0B /* Utils */ = {
			isa = PBXGroup;
			children = (
				39788AAA1EDE5B3C00A99C0B /* HYColor.h */,
				39788AAB1EDE5B3C00A99C0B /* HYImageUtils.h */,
				39788AAC1EDE5B3C00A99C0B /* HYImageUtils.mm */,
			);
			path = Utils;
			sourceTree = "<group>";
		};
		39788AAE1EDE5B4700A99C0B /* images */ = {
			isa = PBXGroup;
			children = (
				39788AAF1EDE5B5100A99C0B /* test.jpg */,
				39788AB01EDE5B5100A99C0B /* test2.png */,
			);
			name = images;
			sourceTree = "<group>";
		};
/* End PBXGroup section */

/* Begin PBXNativeTarget section */
		39788A6F1EDE5A3900A99C0B /* HYOpencvDemo */ = {
			isa = PBXNativeTarget;
			buildConfigurationList = 39788A9D1EDE5A3900A99C0B /* Build configuration list for PBXNativeTarget "HYOpencvDemo" */;
			buildPhases = (
				39788A6C1EDE5A3900A99C0B /* Sources */,
				39788A6D1EDE5A3900A99C0B /* Frameworks */,
				39788A6E1EDE5A3900A99C0B /* Resources */,
			);
			buildRules = (
			);
			dependencies = (
			);
			name = HYOpencvDemo;
			productName = HYOpencvDemo;
			productReference = 39788A701EDE5A3900A99C0B /* HYOpencvDemo.app */;
			productType = "com.apple.product-type.application";
		};
		39788A881EDE5A3900A99C0B /* HYOpencvDemoTests */ = {
			isa = PBXNativeTarget;
			buildConfigurationList = 39788AA01EDE5A3900A99C0B /* Build configuration list for PBXNativeTarget "HYOpencvDemoTests" */;
			buildPhases = (
				39788A851EDE5A3900A99C0B /* Sources */,
				39788A861EDE5A3900A99C0B /* Frameworks */,
				39788A871EDE5A3900A99C0B /* Resources */,
			);
			buildRules = (
			);
			dependencies = (
				39788A8B1EDE5A3900A99C0B /* PBXTargetDependency */,
			);
			name = HYOpencvDemoTests;
			productName = HYOpencvDemoTests;
			productReference = 39788A891EDE5A3900A99C0B /* HYOpencvDemoTests.xctest */;
			productType = "com.apple.product-type.bundle.unit-test";
		};
		39788A931EDE5A3900A99C0B /* HYOpencvDemoUITests */ = {
			isa = PBXNativeTarget;
			buildConfigurationList = 39788AA31EDE5A3900A99C0B /* Build configuration list for PBXNativeTarget "HYOpencvDemoUITests" */;
			buildPhases = (
				39788A901EDE5A3900A99C0B /* Sources */,
				39788A911EDE5A3900A99C0B /* Frameworks */,
				39788A921EDE5A3900A99C0B /* Resources */,
			);
			buildRules = (
			);
			dependencies = (
				39788A961EDE5A3900A99C0B /* PBXTargetDependency */,
			);
			name = HYOpencvDemoUITests;
			productName = HYOpencvDemoUITests;
			productReference = 39788A941EDE5A3900A99C0B /* HYOpencvDemoUITests.xctest */;
			productType = "com.apple.product-type.bundle.ui-testing";
		};
/* End PBXNativeTarget section */

/* Begin PBXProject section */
		39788A681EDE5A3900A99C0B /* Project object */ = {
			isa = PBXProject;
			attributes = {
				LastUpgradeCheck = 0830;
				ORGANIZATIONNAME = Hoo.c;
				TargetAttributes = {
					39788A6F1EDE5A3900A99C0B = {
						CreatedOnToolsVersion = 8.3.2;
						DevelopmentTeam = 5C5VZ6884A;
						ProvisioningStyle = Automatic;
					};
					39788A881EDE5A3900A99C0B = {
						CreatedOnToolsVersion = 8.3.2;
						DevelopmentTeam = 5HM8MCD8BZ;
						ProvisioningStyle = Automatic;
						TestTargetID = 39788A6F1EDE5A3900A99C0B;
					};
					39788A931EDE5A3900A99C0B = {
						CreatedOnToolsVersion = 8.3.2;
						DevelopmentTeam = 5HM8MCD8BZ;
						ProvisioningStyle = Automatic;
						TestTargetID = 39788A6F1EDE5A3900A99C0B;
					};
				};
			};
			buildConfigurationList = 39788A6B1EDE5A3900A99C0B /* Build configuration list for PBXProject "HYOpencvDemo" */;
			compatibilityVersion = "Xcode 3.2";
			developmentRegion = English;
			hasScannedForEncodings = 0;
			knownRegions = (
				en,
				Base,
			);
			mainGroup = 39788A671EDE5A3900A99C0B;
			productRefGroup = 39788A711EDE5A3900A99C0B /* Products */;
			projectDirPath = "";
			projectRoot = "";
			targets = (
				39788A6F1EDE5A3900A99C0B /* HYOpencvDemo */,
				39788A881EDE5A3900A99C0B /* HYOpencvDemoTests */,
				39788A931EDE5A3900A99C0B /* HYOpencvDemoUITests */,
			);
		};
/* End PBXProject section */

/* Begin PBXResourcesBuildPhase section */
		39788A6E1EDE5A3900A99C0B /* Resources */ = {
			isa = PBXResourcesBuildPhase;
			buildActionMask = 2147483647;
			files = (
				39788A831EDE5A3900A99C0B /* LaunchScreen.storyboard in Resources */,
				39788AB21EDE5B5100A99C0B /* test2.png in Resources */,
				39788A801EDE5A3900A99C0B /* Assets.xcassets in Resources */,
				39788A7E1EDE5A3900A99C0B /* Main.storyboard in Resources */,
				39788AB11EDE5B5100A99C0B /* test.jpg in Resources */,
			);
			runOnlyForDeploymentPostprocessing = 0;
		};
		39788A871EDE5A3900A99C0B /* Resources */ = {
			isa = PBXResourcesBuildPhase;
			buildActionMask = 2147483647;
			files = (
			);
			runOnlyForDeploymentPostprocessing = 0;
		};
		39788A921EDE5A3900A99C0B /* Resources */ = {
			isa = PBXResourcesBuildPhase;
			buildActionMask = 2147483647;
			files = (
			);
			runOnlyForDeploymentPostprocessing = 0;
		};
/* End PBXResourcesBuildPhase section */

/* Begin PBXSourcesBuildPhase section */
		39788A6C1EDE5A3900A99C0B /* Sources */ = {
			isa = PBXSourcesBuildPhase;
			buildActionMask = 2147483647;
			files = (
				39788AAD1EDE5B3C00A99C0B /* HYImageUtils.mm in Sources */,
				39788A7B1EDE5A3900A99C0B /* ViewController.mm in Sources */,
				39788A781EDE5A3900A99C0B /* AppDelegate.m in Sources */,
				39788A751EDE5A3900A99C0B /* main.m in Sources */,
			);
			runOnlyForDeploymentPostprocessing = 0;
		};
		39788A851EDE5A3900A99C0B /* Sources */ = {
			isa = PBXSourcesBuildPhase;
			buildActionMask = 2147483647;
			files = (
				39788A8E1EDE5A3900A99C0B /* HYOpencvDemoTests.m in Sources */,
			);
			runOnlyForDeploymentPostprocessing = 0;
		};
		39788A901EDE5A3900A99C0B /* Sources */ = {
			isa = PBXSourcesBuildPhase;
			buildActionMask = 2147483647;
			files = (
				39788A991EDE5A3900A99C0B /* HYOpencvDemoUITests.m in Sources */,
			);
			runOnlyForDeploymentPostprocessing = 0;
		};
/* End PBXSourcesBuildPhase section */

/* Begin PBXTargetDependency section */
		39788A8B1EDE5A3900A99C0B /* PBXTargetDependency */ = {
			isa = PBXTargetDependency;
			target = 39788A6F1EDE5A3900A99C0B /* HYOpencvDemo */;
			targetProxy = 39788A8A1EDE5A3900A99C0B /* PBXContainerItemProxy */;
		};
		39788A961EDE5A3900A99C0B /* PBXTargetDependency */ = {
			isa = PBXTargetDependency;
			target = 39788A6F1EDE5A3900A99C0B /* HYOpencvDemo */;
			targetProxy = 39788A951EDE5A3900A99C0B /* PBXContainerItemProxy */;
		};
/* End PBXTargetDependency section */

/* Begin PBXVariantGroup section */
		39788A7C1EDE5A3900A99C0B /* Main.storyboard */ = {
			isa = PBXVariantGroup;
			children = (
				39788A7D1EDE5A3900A99C0B /* Base */,
			);
			name = Main.storyboard;
			sourceTree = "<group>";
		};
		39788A811EDE5A3900A99C0B /* LaunchScreen.storyboard */ = {
			isa = PBXVariantGroup;
			children = (
				39788A821EDE5A3900A99C0B /* Base */,
			);
			name = LaunchScreen.storyboard;
			sourceTree = "<group>";
		};
/* End PBXVariantGroup section */

/* Begin XCBuildConfiguration section */
		39788A9B1EDE5A3900A99C0B /* Debug */ = {
			isa = XCBuildConfiguration;
			buildSettings = {
				ALWAYS_SEARCH_USER_PATHS = NO;
				CLANG_ANALYZER_NONNULL = YES;
				CLANG_ANALYZER_NUMBER_OBJECT_CONVERSION = YES_AGGRESSIVE;
				CLANG_CXX_LANGUAGE_STANDARD = "gnu++0x";
				CLANG_CXX_LIBRARY = "libc++";
				CLANG_ENABLE_MODULES = YES;
				CLANG_ENABLE_OBJC_ARC = YES;
				CLANG_WARN_BOOL_CONVERSION = YES;
				CLANG_WARN_CONSTANT_CONVERSION = YES;
				CLANG_WARN_DIRECT_OBJC_ISA_USAGE = YES_ERROR;
				CLANG_WARN_DOCUMENTATION_COMMENTS = YES;
				CLANG_WARN_EMPTY_BODY = YES;
				CLANG_WARN_ENUM_CONVERSION = YES;
				CLANG_WARN_INFINITE_RECURSION = YES;
				CLANG_WARN_INT_CONVERSION = YES;
				CLANG_WARN_OBJC_ROOT_CLASS = YES_ERROR;
				CLANG_WARN_SUSPICIOUS_MOVE = YES;
				CLANG_WARN_UNREACHABLE_CODE = YES;
				CLANG_WARN__DUPLICATE_METHOD_MATCH = YES;
				"CODE_SIGN_IDENTITY[sdk=iphoneos*]" = "iPhone Developer";
				COPY_PHASE_STRIP = NO;
				DEBUG_INFORMATION_FORMAT = dwarf;
				ENABLE_STRICT_OBJC_MSGSEND = YES;
				ENABLE_TESTABILITY = YES;
				GCC_C_LANGUAGE_STANDARD = gnu99;
				GCC_DYNAMIC_NO_PIC = NO;
				GCC_NO_COMMON_BLOCKS = YES;
				GCC_OPTIMIZATION_LEVEL = 0;
				GCC_PREPROCESSOR_DEFINITIONS = (
					"DEBUG=1",
					"$(inherited)",
				);
				GCC_WARN_64_TO_32_BIT_CONVERSION = YES;
				GCC_WARN_ABOUT_RETURN_TYPE = YES_ERROR;
				GCC_WARN_UNDECLARED_SELECTOR = YES;
				GCC_WARN_UNINITIALIZED_AUTOS = YES_AGGRESSIVE;
				GCC_WARN_UNUSED_FUNCTION = YES;
				GCC_WARN_UNUSED_VARIABLE = YES;
				IPHONEOS_DEPLOYMENT_TARGET = 10.3;
				MTL_ENABLE_DEBUG_INFO = YES;
				ONLY_ACTIVE_ARCH = YES;
				SDKROOT = iphoneos;
				TARGETED_DEVICE_FAMILY = "1,2";
			};
			name = Debug;
		};
		39788A9C1EDE5A3900A99C0B /* Release */ = {
			isa = XCBuildConfiguration;
			buildSettings = {
				ALWAYS_SEARCH_USER_PATHS = NO;
				CLANG_ANALYZER_NONNULL = YES;
				CLANG_ANALYZER_NUMBER_OBJECT_CONVERSION = YES_AGGRESSIVE;
				CLANG_CXX_LANGUAGE_STANDARD = "gnu++0x";
				CLANG_CXX_LIBRARY = "libc++";
				CLANG_ENABLE_MODULES = YES;
				CLANG_ENABLE_OBJC_ARC = YES;
				CLANG_WARN_BOOL_CONVERSION = YES;
				CLANG_WARN_CONSTANT_CONVERSION = YES;
				CLANG_WARN_DIRECT_OBJC_ISA_USAGE = YES_ERROR;
				CLANG_WARN_DOCUMENTATION_COMMENTS = YES;
				CLANG_WARN_EMPTY_BODY = YES;
				CLANG_WARN_ENUM_CONVERSION = YES;
				CLANG_WARN_INFINITE_RECURSION = YES;
				CLANG_WARN_INT_CONVERSION = YES;
				CLANG_WARN_OBJC_ROOT_CLASS = YES_ERROR;
				CLANG_WARN_SUSPICIOUS_MOVE = YES;
				CLANG_WARN_UNREACHABLE_CODE = YES;
				CLANG_WARN__DUPLICATE_METHOD_MATCH = YES;
				"CODE_SIGN_IDENTITY[sdk=iphoneos*]" = "iPhone Developer";
				COPY_PHASE_STRIP = NO;
				DEBUG_INFORMATION_FORMAT = "dwarf-with-dsym";
				ENABLE_NS_ASSERTIONS = NO;
				ENABLE_STRICT_OBJC_MSGSEND = YES;
				GCC_C_LANGUAGE_STANDARD = gnu99;
				GCC_NO_COMMON_BLOCKS = YES;
				GCC_WARN_64_TO_32_BIT_CONVERSION = YES;
				GCC_WARN_ABOUT_RETURN_TYPE = YES_ERROR;
				GCC_WARN_UNDECLARED_SELECTOR = YES;
				GCC_WARN_UNINITIALIZED_AUTOS = YES_AGGRESSIVE;
				GCC_WARN_UNUSED_FUNCTION = YES;
				GCC_WARN_UNUSED_VARIABLE = YES;
				IPHONEOS_DEPLOYMENT_TARGET = 10.3;
				MTL_ENABLE_DEBUG_INFO = NO;
				SDKROOT = iphoneos;
				TARGETED_DEVICE_FAMILY = "1,2";
				VALIDATE_PRODUCT = YES;
			};
			name = Release;
		};
		39788A9E1EDE5A3900A99C0B /* Debug */ = {
			isa = XCBuildConfiguration;
			buildSettings = {
				ASSETCATALOG_COMPILER_APPICON_NAME = AppIcon;
				DEVELOPMENT_TEAM = 5C5VZ6884A;
				FRAMEWORK_SEARCH_PATHS = (
					"$(inherited)",
					"$(PROJECT_DIR)/HYOpencvDemo/opencv",
				);
				GCC_PREFIX_HEADER = "$(SRCROOT)/HYOpencvDemo/PrefixHeader.pch";
				INFOPLIST_FILE = HYOpencvDemo/Info.plist;
				IPHONEOS_DEPLOYMENT_TARGET = 9.0;
				LD_RUNPATH_SEARCH_PATHS = "$(inherited) @executable_path/Frameworks";
				PRODUCT_BUNDLE_IDENTIFIER = com.fitcome.Hoo.HYOpencvDemo;
				PRODUCT_NAME = "$(TARGET_NAME)";
			};
			name = Debug;
		};
		39788A9F1EDE5A3900A99C0B /* Release */ = {
			isa = XCBuildConfiguration;
			buildSettings = {
				ASSETCATALOG_COMPILER_APPICON_NAME = AppIcon;
				DEVELOPMENT_TEAM = 5C5VZ6884A;
				FRAMEWORK_SEARCH_PATHS = (
					"$(inherited)",
					"$(PROJECT_DIR)/HYOpencvDemo/opencv",
				);
				GCC_PREFIX_HEADER = "$(SRCROOT)/HYOpencvDemo/PrefixHeader.pch";
				INFOPLIST_FILE = HYOpencvDemo/Info.plist;
				IPHONEOS_DEPLOYMENT_TARGET = 9.0;
				LD_RUNPATH_SEARCH_PATHS = "$(inherited) @executable_path/Frameworks";
				PRODUCT_BUNDLE_IDENTIFIER = com.fitcome.Hoo.HYOpencvDemo;
				PRODUCT_NAME = "$(TARGET_NAME)";
			};
			name = Release;
		};
		39788AA11EDE5A3900A99C0B /* Debug */ = {
			isa = XCBuildConfiguration;
			buildSettings = {
				BUNDLE_LOADER = "$(TEST_HOST)";
				DEVELOPMENT_TEAM = 5HM8MCD8BZ;
				INFOPLIST_FILE = HYOpencvDemoTests/Info.plist;
				LD_RUNPATH_SEARCH_PATHS = "$(inherited) @executable_path/Frameworks @loader_path/Frameworks";
				PRODUCT_BUNDLE_IDENTIFIER = com.fitcome.Hoo.HYOpencvDemoTests;
				PRODUCT_NAME = "$(TARGET_NAME)";
				TEST_HOST = "$(BUILT_PRODUCTS_DIR)/HYOpencvDemo.app/HYOpencvDemo";
			};
			name = Debug;
		};
		39788AA21EDE5A3900A99C0B /* Release */ = {
			isa = XCBuildConfiguration;
			buildSettings = {
				BUNDLE_LOADER = "$(TEST_HOST)";
				DEVELOPMENT_TEAM = 5HM8MCD8BZ;
				INFOPLIST_FILE = HYOpencvDemoTests/Info.plist;
				LD_RUNPATH_SEARCH_PATHS = "$(inherited) @executable_path/Frameworks @loader_path/Frameworks";
				PRODUCT_BUNDLE_IDENTIFIER = com.fitcome.Hoo.HYOpencvDemoTests;
				PRODUCT_NAME = "$(TARGET_NAME)";
				TEST_HOST = "$(BUILT_PRODUCTS_DIR)/HYOpencvDemo.app/HYOpencvDemo";
			};
			name = Release;
		};
		39788AA41EDE5A3900A99C0B /* Debug */ = {
			isa = XCBuildConfiguration;
			buildSettings = {
				DEVELOPMENT_TEAM = 5HM8MCD8BZ;
				INFOPLIST_FILE = HYOpencvDemoUITests/Info.plist;
				LD_RUNPATH_SEARCH_PATHS = "$(inherited) @executable_path/Frameworks @loader_path/Frameworks";
				PRODUCT_BUNDLE_IDENTIFIER = com.fitcome.Hoo.HYOpencvDemoUITests;
				PRODUCT_NAME = "$(TARGET_NAME)";
				TEST_TARGET_NAME = HYOpencvDemo;
			};
			name = Debug;
		};
		39788AA51EDE5A3900A99C0B /* Release */ = {
			isa = XCBuildConfiguration;
			buildSettings = {
				DEVELOPMENT_TEAM = 5HM8MCD8BZ;
				INFOPLIST_FILE = HYOpencvDemoUITests/Info.plist;
				LD_RUNPATH_SEARCH_PATHS = "$(inherited) @executable_path/Frameworks @loader_path/Frameworks";
				PRODUCT_BUNDLE_IDENTIFIER = com.fitcome.Hoo.HYOpencvDemoUITests;
				PRODUCT_NAME = "$(TARGET_NAME)";
				TEST_TARGET_NAME = HYOpencvDemo;
			};
			name = Release;
		};
/* End XCBuildConfiguration section */

/* Begin XCConfigurationList section */
		39788A6B1EDE5A3900A99C0B /* Build configuration list for PBXProject "HYOpencvDemo" */ = {
			isa = XCConfigurationList;
			buildConfigurations = (
				39788A9B1EDE5A3900A99C0B /* Debug */,
				39788A9C1EDE5A3900A99C0B /* Release */,
			);
			defaultConfigurationIsVisible = 0;
			defaultConfigurationName = Release;
		};
		39788A9D1EDE5A3900A99C0B /* Build configuration list for PBXNativeTarget "HYOpencvDemo" */ = {
			isa = XCConfigurationList;
			buildConfigurations = (
				39788A9E1EDE5A3900A99C0B /* Debug */,
				39788A9F1EDE5A3900A99C0B /* Release */,
			);
			defaultConfigurationIsVisible = 0;
			defaultConfigurationName = Release;
		};
		39788AA01EDE5A3900A99C0B /* Build configuration list for PBXNativeTarget "HYOpencvDemoTests" */ = {
			isa = XCConfigurationList;
			buildConfigurations = (
				39788AA11EDE5A3900A99C0B /* Debug */,
				39788AA21EDE5A3900A99C0B /* Release */,
			);
			defaultConfigurationIsVisible = 0;
			defaultConfigurationName = Release;
		};
		39788AA31EDE5A3900A99C0B /* Build configuration list for PBXNativeTarget "HYOpencvDemoUITests" */ = {
			isa = XCConfigurationList;
			buildConfigurations = (
				39788AA41EDE5A3900A99C0B /* Debug */,
				39788AA51EDE5A3900A99C0B /* Release */,
			);
			defaultConfigurationIsVisible = 0;
			defaultConfigurationName = Release;
		};
/* End XCConfigurationList section */
	};
	rootObject = 39788A681EDE5A3900A99C0B /* Project object */;
}
